
Microsoft Visual Studio Solution File, Format Version 12.00
# Visual Studio 15
VisualStudioVersion = 15.0.27428.2005
MinimumVisualStudioVersion = 10.0.40219.1
Project("{FAE04EC0-301F-11D3-BF4B-00C04F79EFBC}") = "DemoFaceIdentify.Android", "DemoFaceIdentify\DemoFaceIdentify.Android\DemoFaceIdentify.Android.csproj", "{7BC5A6E1-C8A8-4BDF-B573-48E0F941C619}"
EndProject
Project("{FAE04EC0-301F-11D3-BF4B-00C04F79EFBC}") = "DemoFaceIdentify.iOS", "DemoFaceIdentify\DemoFaceIdentify.iOS\DemoFaceIdentify.iOS.csproj", "{0CF9D14B-04EB-4102-9F4A-61B599270967}"
EndProject
Project("{FAE04EC0-301F-11D3-BF4B-00C04F79EFBC}") = "DemoFaceIdentify", "DemoFaceIdentify\DemoFaceIdentify\DemoFaceIdentify.csproj", "{B6A9D5E4-5121-4D8E-B342-696EDCD9C43B}"
EndProject
Global
	GlobalSection(SolutionConfigurationPlatforms) = preSolution
		Ad-Hoc|Any CPU = Ad-Hoc|Any CPU
		Ad-Hoc|iPhone = Ad-Hoc|iPhone
		Ad-Hoc|iPhoneSimulator = Ad-Hoc|iPhoneSimulator
		AppStore|Any CPU = AppStore|Any CPU
		AppStore|iPhone = AppStore|iPhone
		AppStore|iPhoneSimulator = AppStore|iPhoneSimulator
		Debug|Any CPU = Debug|Any CPU
		Debug|iPhone = Debug|iPhone
		Debug|iPhoneSimulator = Debug|iPhoneSimulator
		Release|Any CPU = Release|Any CPU
		Release|iPhone = Release|iPhone
		Release|iPhoneSimulator = Release|iPhoneSimulator
	EndGlobalSection
	GlobalSection(ProjectConfigurationPlatforms) = postSolution
		{7BC5A6E1-C8A8-4BDF-B573-48E0F941C619}.Ad-Hoc|Any CPU.ActiveCfg = Release|Any CPU
		{7BC5A6E1-C8A8-4BDF-B573-48E0F941C619}.Ad-Hoc|Any CPU.Build.0 = Release|Any CPU
		{7BC5A6E1-C8A8-4BDF-B573-48E0F941C619}.Ad-Hoc|Any CPU.Deploy.0 = Release|Any CPU
		{7BC5A6E1-C8A8-4BDF-B573-48E0F941C619}.Ad-Hoc|iPhone.ActiveCfg = Release|Any CPU
		{7BC5A6E1-C8A8-4BDF-B573-48E0F941C619}.Ad-Hoc|iPhone.Build.0 = Release|Any CPU
		{7BC5A6E1-C8A8-4BDF-B573-48E0F941C619}.Ad-Hoc|iPhone.Deploy.0 = Release|Any CPU
		{7BC5A6E1-C8A8-4BDF-B573-48E0F941C619}.Ad-Hoc|iPhoneSimulator.ActiveCfg = Release|Any CPU
		{7BC5A6E1-C8A8-4BDF-B573-48E0F941C619}.Ad-Hoc|iPhoneSimulator.Build.0 = Release|Any CPU
		{7BC5A6E1-C8A8-4BDF-B573-48E0F941C619}.Ad-Hoc|iPhoneSimulator.Deploy.0 = Release|Any CPU
		{7BC5A6E1-C8A8-4BDF-B573-48E0F941C619}.AppStore|Any CPU.ActiveCfg = Release|Any CPU
		{7BC5A6E1-C8A8-4BDF-B573-48E0F941C619}.AppStore|Any CPU.Build.0 = Release|Any CPU
		{7BC5A6E1-C8A8-4BDF-B573-48E0F941C619}.AppStore|Any CPU.Deploy.0 = Release|Any CPU
		{7BC5A6E1-C8A8-4BDF-B573-48E0F941C619}.AppStore|iPhone.ActiveCfg = Release|Any CPU
		{7BC5A6E1-C8A8-4BDF-B573-48E0F941C619}.AppStore|iPhone.Build.0 = Release|Any CPU
		{7BC5A6E1-C8A8-4BDF-B573-48E0F941C619}.AppStore|iPhone.Deploy.0 = Release|Any CPU
		{7BC5A6E1-C8A8-4BDF-B573-48E0F941C619}.AppStore|iPhoneSimulator.ActiveCfg = Release|Any CPU
		{7BC5A6E1-C8A8-4BDF-B573-48E0F941C619}.AppStore|iPhoneSimulator.Build.0 = Release|Any CPU
		{7BC5A6E1-C8A8-4BDF-B573-48E0F941C619}.AppStore|iPhoneSimulator.Deploy.0 = Release|Any CPU
		{7BC5A6E1-C8A8-4BDF-B573-48E0F941C619}.Debug|Any CPU.ActiveCfg = Debug|Any CPU
		{7BC5A6E1-C8A8-4BDF-B573-48E0F941C619}.Debug|Any CPU.Build.0 = Debug|Any CPU
		{7BC5A6E1-C8A8-4BDF-B573-48E0F941C619}.Debug|Any CPU.Deploy.0 = Debug|Any CPU
		{7BC5A6E1-C8A8-4BDF-B573-48E0F941C619}.Debug|iPhone.ActiveCfg = Debug|Any CPU
		{7BC5A6E1-C8A8-4BDF-B573-48E0F941C619}.Debug|iPhone.Build.0 = Debug|Any CPU
		{7BC5A6E1-C8A8-4BDF-B573-48E0F941C619}.Debug|iPhone.Deploy.0 = Debug|Any CPU
		{7BC5A6E1-C8A8-4BDF-B573-48E0F941C619}.Debug|iPhoneSimulator.ActiveCfg = Debug|Any CPU
		{7BC5A6E1-C8A8-4BDF-B573-48E0F941C619}.Debug|iPhoneSimulator.Build.0 = Debug|Any CPU
		{7BC5A6E1-C8A8-4BDF-B573-48E0F941C619}.Debug|iPhoneSimulator.Deploy.0 = Debug|Any CPU
		{7BC5A6E1-C8A8-4BDF-B573-48E0F941C619}.Release|Any CPU.ActiveCfg = Release|Any CPU
		{7BC5A6E1-C8A8-4BDF-B573-48E0F941C619}.Release|Any CPU.Build.0 = Release|Any CPU
		{7BC5A6E1-C8A8-4BDF-B573-48E0F941C619}.Release|Any CPU.Deploy.0 = Release|Any CPU
		{7BC5A6E1-C8A8-4BDF-B573-48E0F941C619}.Release|iPhone.ActiveCfg = Release|Any CPU
		{7BC5A6E1-C8A8-4BDF-B573-48E0F941C619}.Release|iPhone.Build.0 = Release|Any CPU
		{7BC5A6E1-C8A8-4BDF-B573-48E0F941C619}.Release|iPhone.Deploy.0 = Release|Any CPU
		{7BC5A6E1-C8A8-4BDF-B573-48E0F941C619}.Release|iPhoneSimulator.ActiveCfg = Release|Any CPU
		{7BC5A6E1-C8A8-4BDF-B573-48E0F941C619}.Release|iPhoneSimulator.Build.0 = Release|Any CPU
		{7BC5A6E1-C8A8-4BDF-B573-48E0F941C619}.Release|iPhoneSimulator.Deploy.0 = Release|Any CPU
		{0CF9D14B-04EB-4102-9F4A-61B599270967}.Ad-Hoc|Any CPU.ActiveCfg = Ad-Hoc|iPhone
		{0CF9D14B-04EB-4102-9F4A-61B599270967}.Ad-Hoc|iPhone.ActiveCfg = Ad-Hoc|iPhone
		{0CF9D14B-04EB-4102-9F4A-61B599270967}.Ad-Hoc|iPhone.Build.0 = Ad-Hoc|iPhone
		{0CF9D14B-04EB-4102-9F4A-61B599270967}.Ad-Hoc|iPhoneSimulator.ActiveCfg = Ad-Hoc|iPhoneSimulator
		{0CF9D14B-04EB-4102-9F4A-61B599270967}.Ad-Hoc|iPhoneSimulator.Build.0 = Ad-Hoc|iPhoneSimulator
		{0CF9D14B-04EB-4102-9F4A-61B599270967}.AppStore|Any CPU.ActiveCfg = AppStore|iPhone
		{0CF9D14B-04EB-4102-9F4A-61B599270967}.AppStore|iPhone.ActiveCfg = AppStore|iPhone
		{0CF9D14B-04EB-4102-9F4A-61B599270967}.AppStore|iPhone.Build.0 = AppStore|iPhone
		{0CF9D14B-04EB-4102-9F4A-61B599270967}.AppStore|iPhoneSimulator.ActiveCfg = AppStore|iPhoneSimulator
		{0CF9D14B-04EB-4102-9F4A-61B599270967}.AppStore|iPhoneSimulator.Build.0 = AppStore|iPhoneSimulator
		{0CF9D14B-04EB-4102-9F4A-61B599270967}.Debug|Any CPU.ActiveCfg = Debug|iPhone
		{0CF9D14B-04EB-4102-9F4A-61B599270967}.Debug|iPhone.ActiveCfg = Debug|iPhone
		{0CF9D14B-04EB-4102-9F4A-61B599270967}.Debug|iPhone.Build.0 = Debug|iPhone
		{0CF9D14B-04EB-4102-9F4A-61B599270967}.Debug|iPhoneSimulator.ActiveCfg = Debug|iPhoneSimulator
		{0CF9D14B-04EB-4102-9F4A-61B599270967}.Debug|iPhoneSimulator.Build.0 = Debug|iPhoneSimulator
		{0CF9D14B-04EB-4102-9F4A-61B599270967}.Release|Any CPU.ActiveCfg = Release|iPhone
		{0CF9D14B-04EB-4102-9F4A-61B599270967}.Release|iPhone.ActiveCfg = Release|iPhone
		{0CF9D14B-04EB-4102-9F4A-61B599270967}.Release|iPhone.Build.0 = Release|iPhone
		{0CF9D14B-04EB-4102-9F4A-61B599270967}.Release|iPhoneSimulator.ActiveCfg = Release|iPhoneSimulator
		{0CF9D14B-04EB-4102-9F4A-61B599270967}.Release|iPhoneSimulator.Build.0 = Release|iPhoneSimulator
		{B6A9D5E4-5121-4D8E-B342-696EDCD9C43B}.Ad-Hoc|Any CPU.ActiveCfg = Debug|Any CPU
		{B6A9D5E4-5121-4D8E-B342-696EDCD9C43B}.Ad-Hoc|Any CPU.Build.0 = Debug|Any CPU
		{B6A9D5E4-5121-4D8E-B342-696EDCD9C43B}.Ad-Hoc|iPhone.ActiveCfg = Debug|Any CPU
		{B6A9D5E4-5121-4D8E-B342-696EDCD9C43B}.Ad-Hoc|iPhone.Build.0 = Debug|Any CPU
		{B6A9D5E4-5121-4D8E-B342-696EDCD9C43B}.Ad-Hoc|iPhoneSimulator.ActiveCfg = Debug|Any CPU
		{B6A9D5E4-5121-4D8E-B342-696EDCD9C43B}.Ad-Hoc|iPhoneSimulator.Build.0 = Debug|Any CPU
		{B6A9D5E4-5121-4D8E-B342-696EDCD9C43B}.AppStore|Any CPU.ActiveCfg = Debug|Any CPU
		{B6A9D5E4-5121-4D8E-B342-696EDCD9C43B}.AppStore|Any CPU.Build.0 = Debug|Any CPU
		{B6A9D5E4-5121-4D8E-B342-696EDCD9C43B}.AppStore|iPhone.ActiveCfg = Debug|Any CPU
		{B6A9D5E4-5121-4D8E-B342-696EDCD9C43B}.AppStore|iPhone.Build.0 = Debug|Any CPU
		{B6A9D5E4-5121-4D8E-B342-696EDCD9C43B}.AppStore|iPhoneSimulator.ActiveCfg = Debug|Any CPU
		{B6A9D5E4-5121-4D8E-B342-696EDCD9C43B}.AppStore|iPhoneSimulator.Build.0 = Debug|Any CPU
		{B6A9D5E4-5121-4D8E-B342-696EDCD9C43B}.Debug|Any CPU.ActiveCfg = Debug|Any CPU
		{B6A9D5E4-5121-4D8E-B342-696EDCD9C43B}.Debug|Any CPU.Build.0 = Debug|Any CPU
		{B6A9D5E4-5121-4D8E-B342-696EDCD9C43B}.Debug|iPhone.ActiveCfg = Debug|Any CPU
		{B6A9D5E4-5121-4D8E-B342-696EDCD9C43B}.Debug|iPhone.Build.0 = Debug|Any CPU
		{B6A9D5E4-5121-4D8E-B342-696EDCD9C43B}.Debug|iPhoneSimulator.ActiveCfg = Debug|Any CPU
		{B6A9D5E4-5121-4D8E-B342-696EDCD9C43B}.Debug|iPhoneSimulator.Build.0 = Debug|Any CPU
		{B6A9D5E4-5121-4D8E-B342-696EDCD9C43B}.Release|Any CPU.ActiveCfg = Release|Any CPU
		{B6A9D5E4-5121-4D8E-B342-696EDCD9C43B}.Release|Any CPU.Build.0 = Release|Any CPU
		{B6A9D5E4-5121-4D8E-B342-696EDCD9C43B}.Release|iPhone.ActiveCfg = Release|Any CPU
		{B6A9D5E4-5121-4D8E-B342-696EDCD9C43B}.Release|iPhone.Build.0 = Release|Any CPU
		{B6A9D5E4-5121-4D8E-B342-696EDCD9C43B}.Release|iPhoneSimulator.ActiveCfg = Release|Any CPU
		{B6A9D5E4-5121-4D8E-B342-696EDCD9C43B}.Release|iPhoneSimulator.Build.0 = Release|Any CPU
	EndGlobalSection
	GlobalSection(SolutionProperties) = preSolution
		HideSolutionNode = FALSE
	EndGlobalSection
	GlobalSection(ExtensibilityGlobals) = postSolution
		SolutionGuid = {12049DD3-92CC-4066-B020-58ADCDA359C1}
	EndGlobalSection
EndGlobal
